
Microsoft Visual Studio Solution File, Format Version 12.00
# Visual Studio Version 16
VisualStudioVersion = 25.0.1706.7
MinimumVisualStudioVersion = 10.0.40219.1
Project("{FAE04EC0-301F-11D3-BF4B-00C04F79EFBC}") = "week2", "week2\week2.csproj", "{61097EC2-02D6-4DDB-9C6F-7BAEAAF11423}"
EndProject
Project("{FAE04EC0-301F-11D3-BF4B-00C04F79EFBC}") = "UserGenderValidation", "UserAgeValidation\UserGenderValidation.csproj", "{AB49BBBE-87E0-456C-962F-FEEAA0B99540}"
EndProject
Project("{FAE04EC0-301F-11D3-BF4B-00C04F79EFBC}") = "UserAgeValidation1", "UserAgeValidation1\UserAgeValidation1.csproj", "{BDAEC6D2-C6D4-4CDB-8D59-0681A3F4DC22}"
EndProject
Global
	GlobalSection(SolutionConfigurationPlatforms) = preSolution
		Debug|Any CPU = Debug|Any CPU
		Release|Any CPU = Release|Any CPU
	EndGlobalSection
	GlobalSection(ProjectConfigurationPlatforms) = postSolution
		{61097EC2-02D6-4DDB-9C6F-7BAEAAF11423}.Debug|Any CPU.ActiveCfg = Debug|Any CPU
		{61097EC2-02D6-4DDB-9C6F-7BAEAAF11423}.Debug|Any CPU.Build.0 = Debug|Any CPU
		{61097EC2-02D6-4DDB-9C6F-7BAEAAF11423}.Release|Any CPU.ActiveCfg = Release|Any CPU
		{61097EC2-02D6-4DDB-9C6F-7BAEAAF11423}.Release|Any CPU.Build.0 = Release|Any CPU
		{AB49BBBE-87E0-456C-962F-FEEAA0B99540}.Debug|Any CPU.ActiveCfg = Debug|Any CPU
		{AB49BBBE-87E0-456C-962F-FEEAA0B99540}.Debug|Any CPU.Build.0 = Debug|Any CPU
		{AB49BBBE-87E0-456C-962F-FEEAA0B99540}.Release|Any CPU.ActiveCfg = Release|Any CPU
		{AB49BBBE-87E0-456C-962F-FEEAA0B99540}.Release|Any CPU.Build.0 = Release|Any CPU
		{BDAEC6D2-C6D4-4CDB-8D59-0681A3F4DC22}.Debug|Any CPU.ActiveCfg = Debug|Any CPU
		{BDAEC6D2-C6D4-4CDB-8D59-0681A3F4DC22}.Debug|Any CPU.Build.0 = Debug|Any CPU
		{BDAEC6D2-C6D4-4CDB-8D59-0681A3F4DC22}.Release|Any CPU.ActiveCfg = Release|Any CPU
		{BDAEC6D2-C6D4-4CDB-8D59-0681A3F4DC22}.Release|Any CPU.Build.0 = Release|Any CPU
	EndGlobalSection
	GlobalSection(SolutionProperties) = preSolution
		HideSolutionNode = FALSE
	EndGlobalSection
	GlobalSection(ExtensibilityGlobals) = postSolution
		SolutionGuid = {BAD6963F-13F6-49D1-A16D-41D29B0FC930}
	EndGlobalSection
EndGlobal
